// !$*UTF8*$!
{
	archiveVersion = 1;
	classes = {
	};
	objectVersion = 56;
	objects = {

/* Begin PBXBuildFile section */
		8B2A203E2C35A23E0028532E /* ConfigsManager.swift in Sources */ = {isa = PBXBuildFile; fileRef = 8B2A203D2C35A23E0028532E /* ConfigsManager.swift */; };
		8B53A18C2C3C320200D6E515 /* YandexAdsManager.swift in Sources */ = {isa = PBXBuildFile; fileRef = 8B53A18B2C3C320200D6E515 /* YandexAdsManager.swift */; };
		8B6616412C2734210029F6E6 /* VpnManager.swift in Sources */ = {isa = PBXBuildFile; fileRef = 8B6616402C2734210029F6E6 /* VpnManager.swift */; };
		8B7013702C261ED300BACE0B /* TermsOfServiceView.swift in Sources */ = {isa = PBXBuildFile; fileRef = 8B70136F2C261ED300BACE0B /* TermsOfServiceView.swift */; };
		8B7013742C261F3400BACE0B /* PrivacyPolicyView.swift in Sources */ = {isa = PBXBuildFile; fileRef = 8B7013732C261F3400BACE0B /* PrivacyPolicyView.swift */; };
		8BA13E442C3C809400836998 /* YandexMobileAdsPackage in Frameworks */ = {isa = PBXBuildFile; productRef = 8BA13E432C3C809400836998 /* YandexMobileAdsPackage */; };
		8BA13E462C3C819A00836998 /* MobileAdsBundle.bundle in Resources */ = {isa = PBXBuildFile; fileRef = 8BA13E452C3C819A00836998 /* MobileAdsBundle.bundle */; };
		8BC41F852C343E1D000CFE75 /* GRDWireGuardKit in Frameworks */ = {isa = PBXBuildFile; productRef = 8BC41F842C343E1D000CFE75 /* GRDWireGuardKit */; };
		8BC41F8F2C344EB4000CFE75 /* NetworkExtension.framework in Frameworks */ = {isa = PBXBuildFile; fileRef = 8B70137D2C2627F000BACE0B /* NetworkExtension.framework */; };
		8BC41F922C344EB4000CFE75 /* PacketTunnelProvider.swift in Sources */ = {isa = PBXBuildFile; fileRef = 8BC41F912C344EB4000CFE75 /* PacketTunnelProvider.swift */; };
		8BC41F972C344EB4000CFE75 /* TunnelExtension.appex in Embed Foundation Extensions */ = {isa = PBXBuildFile; fileRef = 8BC41F8E2C344EB4000CFE75 /* TunnelExtension.appex */; settings = {ATTRIBUTES = (RemoveHeadersOnCopy, ); }; };
		8BC41F9C2C344ED8000CFE75 /* GRDWireGuardKit in Frameworks */ = {isa = PBXBuildFile; productRef = 8BC41F9B2C344ED8000CFE75 /* GRDWireGuardKit */; };
		8BC41F9E2C344F09000CFE75 /* String+ArrayConversion.swift in Sources */ = {isa = PBXBuildFile; fileRef = 8BC41F9D2C344F09000CFE75 /* String+ArrayConversion.swift */; };
		8BC41FA02C344F17000CFE75 /* TunnelConfiguration+WgQuickConfig.swift in Sources */ = {isa = PBXBuildFile; fileRef = 8BC41F9F2C344F17000CFE75 /* TunnelConfiguration+WgQuickConfig.swift */; };
		FD05128A2C39D0B000D86C0B /* PriceCardView.swift in Sources */ = {isa = PBXBuildFile; fileRef = FD0512892C39D0B000D86C0B /* PriceCardView.swift */; };
		FD4826C42C39B4A700AD40A5 /* benefitsCarouselView.swift in Sources */ = {isa = PBXBuildFile; fileRef = FD4826C32C39B4A700AD40A5 /* benefitsCarouselView.swift */; };
		FD8AD8612C243C3F008C4FCB /* VpnZepApp.swift in Sources */ = {isa = PBXBuildFile; fileRef = FD8AD8602C243C3F008C4FCB /* VpnZepApp.swift */; };
		FD8AD8652C243C40008C4FCB /* Assets.xcassets in Resources */ = {isa = PBXBuildFile; fileRef = FD8AD8642C243C40008C4FCB /* Assets.xcassets */; };
		FD8AD8692C243C40008C4FCB /* Preview Assets.xcassets in Resources */ = {isa = PBXBuildFile; fileRef = FD8AD8682C243C40008C4FCB /* Preview Assets.xcassets */; };
		FD8AD8732C243C40008C4FCB /* VpnZepTests.swift in Sources */ = {isa = PBXBuildFile; fileRef = FD8AD8722C243C40008C4FCB /* VpnZepTests.swift */; };
		FD8AD87D2C243C40008C4FCB /* VpnZepUITests.swift in Sources */ = {isa = PBXBuildFile; fileRef = FD8AD87C2C243C40008C4FCB /* VpnZepUITests.swift */; };
		FD8AD87F2C243C40008C4FCB /* VpnZepUITestsLaunchTests.swift in Sources */ = {isa = PBXBuildFile; fileRef = FD8AD87E2C243C40008C4FCB /* VpnZepUITestsLaunchTests.swift */; };
		FD8AD89F2C243C8A008C4FCB /* AppDelegate.swift in Sources */ = {isa = PBXBuildFile; fileRef = FD8AD88C2C243C8A008C4FCB /* AppDelegate.swift */; };
		FD8AD8A02C243C8A008C4FCB /* Models.swift in Sources */ = {isa = PBXBuildFile; fileRef = FD8AD88D2C243C8A008C4FCB /* Models.swift */; };
		FD8AD8A12C243C8A008C4FCB /* MainViewModel.swift in Sources */ = {isa = PBXBuildFile; fileRef = FD8AD88E2C243C8A008C4FCB /* MainViewModel.swift */; };
		FD8AD8A32C243C8A008C4FCB /* MainView.swift in Sources */ = {isa = PBXBuildFile; fileRef = FD8AD8902C243C8A008C4FCB /* MainView.swift */; };
		FD8AD8A52C243C8A008C4FCB /* RegAuthView.swift in Sources */ = {isa = PBXBuildFile; fileRef = FD8AD8922C243C8A008C4FCB /* RegAuthView.swift */; };
		FD8AD8A72C243C8A008C4FCB /* GoogleView.swift in Sources */ = {isa = PBXBuildFile; fileRef = FD8AD8942C243C8A008C4FCB /* GoogleView.swift */; };
		FD8AD8A82C243C8A008C4FCB /* CountryPickerView.swift in Sources */ = {isa = PBXBuildFile; fileRef = FD8AD8952C243C8A008C4FCB /* CountryPickerView.swift */; };
		FD8AD8A92C243C8A008C4FCB /* SettingsView.swift in Sources */ = {isa = PBXBuildFile; fileRef = FD8AD8962C243C8A008C4FCB /* SettingsView.swift */; };
		FD8AD8AA2C243C8A008C4FCB /* FirebaseManager.swift in Sources */ = {isa = PBXBuildFile; fileRef = FD8AD8972C243C8A008C4FCB /* FirebaseManager.swift */; };
		FD8AD8AB2C243C8A008C4FCB /* SwipeToUnlockView.swift in Sources */ = {isa = PBXBuildFile; fileRef = FD8AD8982C243C8A008C4FCB /* SwipeToUnlockView.swift */; };
		FD8AD8AC2C243C8A008C4FCB /* DescriptionView.swift in Sources */ = {isa = PBXBuildFile; fileRef = FD8AD8992C243C8A008C4FCB /* DescriptionView.swift */; };
		FD8AD8AD2C243C8A008C4FCB /* RegAuthViewModel.swift in Sources */ = {isa = PBXBuildFile; fileRef = FD8AD89A2C243C8A008C4FCB /* RegAuthViewModel.swift */; };
		FD8AD8AE2C243C8A008C4FCB /* SettingsMenuView.swift in Sources */ = {isa = PBXBuildFile; fileRef = FD8AD89B2C243C8A008C4FCB /* SettingsMenuView.swift */; };
		FD8AD8AF2C243C8A008C4FCB /* LoadingView.swift in Sources */ = {isa = PBXBuildFile; fileRef = FD8AD89C2C243C8A008C4FCB /* LoadingView.swift */; };
		FD8AD8B02C243C8A008C4FCB /* BungeeHairline-Regular.ttf in Resources */ = {isa = PBXBuildFile; fileRef = FD8AD89D2C243C8A008C4FCB /* BungeeHairline-Regular.ttf */; };
		FD8AD8B62C243E1A008C4FCB /* GoogleService-Info.plist in Resources */ = {isa = PBXBuildFile; fileRef = FD8AD8B52C243E1A008C4FCB /* GoogleService-Info.plist */; };
		FD8AD8B92C2440DF008C4FCB /* FirebaseAnalytics in Frameworks */ = {isa = PBXBuildFile; productRef = FD8AD8B82C2440DF008C4FCB /* FirebaseAnalytics */; };
		FD8AD8BB2C2440DF008C4FCB /* FirebaseAnalyticsOnDeviceConversion in Frameworks */ = {isa = PBXBuildFile; productRef = FD8AD8BA2C2440DF008C4FCB /* FirebaseAnalyticsOnDeviceConversion */; };
		FD8AD8BD2C2440DF008C4FCB /* FirebaseAnalyticsSwift in Frameworks */ = {isa = PBXBuildFile; productRef = FD8AD8BC2C2440DF008C4FCB /* FirebaseAnalyticsSwift */; };
		FD8AD8BF2C2440DF008C4FCB /* FirebaseAnalyticsWithoutAdIdSupport in Frameworks */ = {isa = PBXBuildFile; productRef = FD8AD8BE2C2440DF008C4FCB /* FirebaseAnalyticsWithoutAdIdSupport */; };
		FD8AD8C12C2440DF008C4FCB /* FirebaseAppCheck in Frameworks */ = {isa = PBXBuildFile; productRef = FD8AD8C02C2440DF008C4FCB /* FirebaseAppCheck */; };
		FD8AD8C32C2440DF008C4FCB /* FirebaseAppDistribution-Beta in Frameworks */ = {isa = PBXBuildFile; productRef = FD8AD8C22C2440DF008C4FCB /* FirebaseAppDistribution-Beta */; };
		FD8AD8C52C2440DF008C4FCB /* FirebaseAuth in Frameworks */ = {isa = PBXBuildFile; productRef = FD8AD8C42C2440DF008C4FCB /* FirebaseAuth */; };
		FD8AD8C72C2440DF008C4FCB /* FirebaseAuthCombine-Community in Frameworks */ = {isa = PBXBuildFile; productRef = FD8AD8C62C2440DF008C4FCB /* FirebaseAuthCombine-Community */; };
		FD8AD8C92C2440DF008C4FCB /* FirebaseCrashlytics in Frameworks */ = {isa = PBXBuildFile; productRef = FD8AD8C82C2440DF008C4FCB /* FirebaseCrashlytics */; };
		FD8AD8CB2C2440DF008C4FCB /* FirebaseDatabase in Frameworks */ = {isa = PBXBuildFile; productRef = FD8AD8CA2C2440DF008C4FCB /* FirebaseDatabase */; };
		FD8AD8CD2C2440DF008C4FCB /* FirebaseDatabaseSwift in Frameworks */ = {isa = PBXBuildFile; productRef = FD8AD8CC2C2440DF008C4FCB /* FirebaseDatabaseSwift */; };
		FD8AD8CF2C2440DF008C4FCB /* FirebaseDynamicLinks in Frameworks */ = {isa = PBXBuildFile; productRef = FD8AD8CE2C2440DF008C4FCB /* FirebaseDynamicLinks */; };
		FD8AD8D12C2440DF008C4FCB /* FirebaseFirestore in Frameworks */ = {isa = PBXBuildFile; productRef = FD8AD8D02C2440DF008C4FCB /* FirebaseFirestore */; };
		FD8AD8D32C2440DF008C4FCB /* FirebaseFirestoreCombine-Community in Frameworks */ = {isa = PBXBuildFile; productRef = FD8AD8D22C2440DF008C4FCB /* FirebaseFirestoreCombine-Community */; };
		FD8AD8D52C2440DF008C4FCB /* FirebaseFirestoreSwift in Frameworks */ = {isa = PBXBuildFile; productRef = FD8AD8D42C2440DF008C4FCB /* FirebaseFirestoreSwift */; };
		FD8AD8D72C2440DF008C4FCB /* FirebaseFunctions in Frameworks */ = {isa = PBXBuildFile; productRef = FD8AD8D62C2440DF008C4FCB /* FirebaseFunctions */; };
		FD8AD8D92C2440DF008C4FCB /* FirebaseFunctionsCombine-Community in Frameworks */ = {isa = PBXBuildFile; productRef = FD8AD8D82C2440DF008C4FCB /* FirebaseFunctionsCombine-Community */; };
		FD8AD8DB2C2440DF008C4FCB /* FirebaseInAppMessaging-Beta in Frameworks */ = {isa = PBXBuildFile; productRef = FD8AD8DA2C2440DF008C4FCB /* FirebaseInAppMessaging-Beta */; };
		FD8AD8DD2C2440DF008C4FCB /* FirebaseInAppMessagingSwift-Beta in Frameworks */ = {isa = PBXBuildFile; productRef = FD8AD8DC2C2440DF008C4FCB /* FirebaseInAppMessagingSwift-Beta */; };
		FD8AD8DF2C2440DF008C4FCB /* FirebaseInstallations in Frameworks */ = {isa = PBXBuildFile; productRef = FD8AD8DE2C2440DF008C4FCB /* FirebaseInstallations */; };
		FD8AD8E12C2440DF008C4FCB /* FirebaseMLModelDownloader in Frameworks */ = {isa = PBXBuildFile; productRef = FD8AD8E02C2440DF008C4FCB /* FirebaseMLModelDownloader */; };
		FD8AD8E32C2440DF008C4FCB /* FirebaseMessaging in Frameworks */ = {isa = PBXBuildFile; productRef = FD8AD8E22C2440DF008C4FCB /* FirebaseMessaging */; };
		FD8AD8E52C2440DF008C4FCB /* FirebasePerformance in Frameworks */ = {isa = PBXBuildFile; productRef = FD8AD8E42C2440DF008C4FCB /* FirebasePerformance */; };
		FD8AD8E72C2440DF008C4FCB /* FirebaseRemoteConfig in Frameworks */ = {isa = PBXBuildFile; productRef = FD8AD8E62C2440DF008C4FCB /* FirebaseRemoteConfig */; };
		FD8AD8E92C2440DF008C4FCB /* FirebaseRemoteConfigSwift in Frameworks */ = {isa = PBXBuildFile; productRef = FD8AD8E82C2440DF008C4FCB /* FirebaseRemoteConfigSwift */; };
		FD8AD8EB2C2440DF008C4FCB /* FirebaseStorage in Frameworks */ = {isa = PBXBuildFile; productRef = FD8AD8EA2C2440DF008C4FCB /* FirebaseStorage */; };
		FD8AD8ED2C2440DF008C4FCB /* FirebaseStorageCombine-Community in Frameworks */ = {isa = PBXBuildFile; productRef = FD8AD8EC2C2440DF008C4FCB /* FirebaseStorageCombine-Community */; };
		FD8AD8EF2C2440DF008C4FCB /* FirebaseVertexAI-Preview in Frameworks */ = {isa = PBXBuildFile; productRef = FD8AD8EE2C2440DF008C4FCB /* FirebaseVertexAI-Preview */; };
		FD8AD8F12C2441F6008C4FCB /* GoogleSignIn in Frameworks */ = {isa = PBXBuildFile; productRef = FD8AD8F02C2441F6008C4FCB /* GoogleSignIn */; };
		FD8AD8F32C2441F6008C4FCB /* GoogleSignInSwift in Frameworks */ = {isa = PBXBuildFile; productRef = FD8AD8F22C2441F6008C4FCB /* GoogleSignInSwift */; };
		FD9015172C29CB4A00B1978F /* PremiumPageView.swift in Sources */ = {isa = PBXBuildFile; fileRef = FD9015162C29CB4A00B1978F /* PremiumPageView.swift */; };
		FDC1F13B2C249ED500B82A6A /* Localizable.strings in Resources */ = {isa = PBXBuildFile; fileRef = FDC1F13D2C249ED500B82A6A /* Localizable.strings */; };
		FDF48F482C35BAC1001EF415 /* WelcomeView.swift in Sources */ = {isa = PBXBuildFile; fileRef = FDF48F472C35BAC1001EF415 /* WelcomeView.swift */; };
/* End PBXBuildFile section */

/* Begin PBXContainerItemProxy section */
		8BC41F952C344EB4000CFE75 /* PBXContainerItemProxy */ = {
			isa = PBXContainerItemProxy;
			containerPortal = FD8AD8552C243C3F008C4FCB /* Project object */;
			proxyType = 1;
			remoteGlobalIDString = 8BC41F8D2C344EB4000CFE75;
			remoteInfo = TunnelExtension;
		};
		FD8AD86F2C243C40008C4FCB /* PBXContainerItemProxy */ = {
			isa = PBXContainerItemProxy;
			containerPortal = FD8AD8552C243C3F008C4FCB /* Project object */;
			proxyType = 1;
			remoteGlobalIDString = FD8AD85C2C243C3F008C4FCB;
			remoteInfo = VpnZep;
		};
		FD8AD8792C243C40008C4FCB /* PBXContainerItemProxy */ = {
			isa = PBXContainerItemProxy;
			containerPortal = FD8AD8552C243C3F008C4FCB /* Project object */;
			proxyType = 1;
			remoteGlobalIDString = FD8AD85C2C243C3F008C4FCB;
			remoteInfo = VpnZep;
		};
/* End PBXContainerItemProxy section */

/* Begin PBXCopyFilesBuildPhase section */
		8B70138A2C2627F000BACE0B /* Embed Foundation Extensions */ = {
			isa = PBXCopyFilesBuildPhase;
			buildActionMask = 2147483647;
			dstPath = "";
			dstSubfolderSpec = 13;
			files = (
				8BC41F972C344EB4000CFE75 /* TunnelExtension.appex in Embed Foundation Extensions */,
			);
			name = "Embed Foundation Extensions";
			runOnlyForDeploymentPostprocessing = 0;
		};
/* End PBXCopyFilesBuildPhase section */

/* Begin PBXFileReference section */
		8B2A203D2C35A23E0028532E /* ConfigsManager.swift */ = {isa = PBXFileReference; lastKnownFileType = sourcecode.swift; path = ConfigsManager.swift; sourceTree = "<group>"; };
		8B53A18B2C3C320200D6E515 /* YandexAdsManager.swift */ = {isa = PBXFileReference; lastKnownFileType = sourcecode.swift; path = YandexAdsManager.swift; sourceTree = "<group>"; };
		8B6616402C2734210029F6E6 /* VpnManager.swift */ = {isa = PBXFileReference; lastKnownFileType = sourcecode.swift; path = VpnManager.swift; sourceTree = "<group>"; };
		8B70136F2C261ED300BACE0B /* TermsOfServiceView.swift */ = {isa = PBXFileReference; lastKnownFileType = sourcecode.swift; path = TermsOfServiceView.swift; sourceTree = "<group>"; };
		8B7013732C261F3400BACE0B /* PrivacyPolicyView.swift */ = {isa = PBXFileReference; lastKnownFileType = sourcecode.swift; path = PrivacyPolicyView.swift; sourceTree = "<group>"; };
		8B70137D2C2627F000BACE0B /* NetworkExtension.framework */ = {isa = PBXFileReference; lastKnownFileType = wrapper.framework; name = NetworkExtension.framework; path = System/Library/Frameworks/NetworkExtension.framework; sourceTree = SDKROOT; };
		8BA13E452C3C819A00836998 /* MobileAdsBundle.bundle */ = {isa = PBXFileReference; lastKnownFileType = "wrapper.plug-in"; path = MobileAdsBundle.bundle; sourceTree = "<group>"; };
		8BC41F8E2C344EB4000CFE75 /* TunnelExtension.appex */ = {isa = PBXFileReference; explicitFileType = "wrapper.app-extension"; includeInIndex = 0; path = TunnelExtension.appex; sourceTree = BUILT_PRODUCTS_DIR; };
		8BC41F912C344EB4000CFE75 /* PacketTunnelProvider.swift */ = {isa = PBXFileReference; lastKnownFileType = sourcecode.swift; path = PacketTunnelProvider.swift; sourceTree = "<group>"; };
		8BC41F932C344EB4000CFE75 /* Info.plist */ = {isa = PBXFileReference; lastKnownFileType = text.plist.xml; path = Info.plist; sourceTree = "<group>"; };
		8BC41F942C344EB4000CFE75 /* TunnelExtension.entitlements */ = {isa = PBXFileReference; lastKnownFileType = text.plist.entitlements; path = TunnelExtension.entitlements; sourceTree = "<group>"; };
		8BC41F9D2C344F09000CFE75 /* String+ArrayConversion.swift */ = {isa = PBXFileReference; lastKnownFileType = sourcecode.swift; path = "String+ArrayConversion.swift"; sourceTree = "<group>"; };
		8BC41F9F2C344F17000CFE75 /* TunnelConfiguration+WgQuickConfig.swift */ = {isa = PBXFileReference; lastKnownFileType = sourcecode.swift; path = "TunnelConfiguration+WgQuickConfig.swift"; sourceTree = "<group>"; };
		FD0512892C39D0B000D86C0B /* PriceCardView.swift */ = {isa = PBXFileReference; lastKnownFileType = sourcecode.swift; path = PriceCardView.swift; sourceTree = "<group>"; };
		FD4826C32C39B4A700AD40A5 /* benefitsCarouselView.swift */ = {isa = PBXFileReference; lastKnownFileType = sourcecode.swift; path = benefitsCarouselView.swift; sourceTree = "<group>"; };
		FD8AD85D2C243C3F008C4FCB /* VpnZep.app */ = {isa = PBXFileReference; explicitFileType = wrapper.application; includeInIndex = 0; path = VpnZep.app; sourceTree = BUILT_PRODUCTS_DIR; };
		FD8AD8602C243C3F008C4FCB /* VpnZepApp.swift */ = {isa = PBXFileReference; lastKnownFileType = sourcecode.swift; path = VpnZepApp.swift; sourceTree = "<group>"; };
		FD8AD8642C243C40008C4FCB /* Assets.xcassets */ = {isa = PBXFileReference; lastKnownFileType = folder.assetcatalog; path = Assets.xcassets; sourceTree = "<group>"; };
		FD8AD8662C243C40008C4FCB /* VpnZep.entitlements */ = {isa = PBXFileReference; lastKnownFileType = text.plist.entitlements; path = VpnZep.entitlements; sourceTree = "<group>"; };
		FD8AD8682C243C40008C4FCB /* Preview Assets.xcassets */ = {isa = PBXFileReference; lastKnownFileType = folder.assetcatalog; path = "Preview Assets.xcassets"; sourceTree = "<group>"; };
		FD8AD86E2C243C40008C4FCB /* VpnZepTests.xctest */ = {isa = PBXFileReference; explicitFileType = wrapper.cfbundle; includeInIndex = 0; path = VpnZepTests.xctest; sourceTree = BUILT_PRODUCTS_DIR; };
		FD8AD8722C243C40008C4FCB /* VpnZepTests.swift */ = {isa = PBXFileReference; lastKnownFileType = sourcecode.swift; path = VpnZepTests.swift; sourceTree = "<group>"; };
		FD8AD8782C243C40008C4FCB /* VpnZepUITests.xctest */ = {isa = PBXFileReference; explicitFileType = wrapper.cfbundle; includeInIndex = 0; path = VpnZepUITests.xctest; sourceTree = BUILT_PRODUCTS_DIR; };
		FD8AD87C2C243C40008C4FCB /* VpnZepUITests.swift */ = {isa = PBXFileReference; lastKnownFileType = sourcecode.swift; path = VpnZepUITests.swift; sourceTree = "<group>"; };
		FD8AD87E2C243C40008C4FCB /* VpnZepUITestsLaunchTests.swift */ = {isa = PBXFileReference; lastKnownFileType = sourcecode.swift; path = VpnZepUITestsLaunchTests.swift; sourceTree = "<group>"; };
		FD8AD88C2C243C8A008C4FCB /* AppDelegate.swift */ = {isa = PBXFileReference; fileEncoding = 4; lastKnownFileType = sourcecode.swift; path = AppDelegate.swift; sourceTree = "<group>"; };
		FD8AD88D2C243C8A008C4FCB /* Models.swift */ = {isa = PBXFileReference; fileEncoding = 4; lastKnownFileType = sourcecode.swift; path = Models.swift; sourceTree = "<group>"; };
		FD8AD88E2C243C8A008C4FCB /* MainViewModel.swift */ = {isa = PBXFileReference; fileEncoding = 4; lastKnownFileType = sourcecode.swift; path = MainViewModel.swift; sourceTree = "<group>"; };
		FD8AD8902C243C8A008C4FCB /* MainView.swift */ = {isa = PBXFileReference; fileEncoding = 4; lastKnownFileType = sourcecode.swift; path = MainView.swift; sourceTree = "<group>"; };
		FD8AD8922C243C8A008C4FCB /* RegAuthView.swift */ = {isa = PBXFileReference; fileEncoding = 4; lastKnownFileType = sourcecode.swift; path = RegAuthView.swift; sourceTree = "<group>"; };
		FD8AD8942C243C8A008C4FCB /* GoogleView.swift */ = {isa = PBXFileReference; fileEncoding = 4; lastKnownFileType = sourcecode.swift; path = GoogleView.swift; sourceTree = "<group>"; };
		FD8AD8952C243C8A008C4FCB /* CountryPickerView.swift */ = {isa = PBXFileReference; fileEncoding = 4; lastKnownFileType = sourcecode.swift; path = CountryPickerView.swift; sourceTree = "<group>"; };
		FD8AD8962C243C8A008C4FCB /* SettingsView.swift */ = {isa = PBXFileReference; fileEncoding = 4; lastKnownFileType = sourcecode.swift; path = SettingsView.swift; sourceTree = "<group>"; };
		FD8AD8972C243C8A008C4FCB /* FirebaseManager.swift */ = {isa = PBXFileReference; fileEncoding = 4; lastKnownFileType = sourcecode.swift; path = FirebaseManager.swift; sourceTree = "<group>"; };
		FD8AD8982C243C8A008C4FCB /* SwipeToUnlockView.swift */ = {isa = PBXFileReference; fileEncoding = 4; lastKnownFileType = sourcecode.swift; path = SwipeToUnlockView.swift; sourceTree = "<group>"; };
		FD8AD8992C243C8A008C4FCB /* DescriptionView.swift */ = {isa = PBXFileReference; fileEncoding = 4; lastKnownFileType = sourcecode.swift; path = DescriptionView.swift; sourceTree = "<group>"; };
		FD8AD89A2C243C8A008C4FCB /* RegAuthViewModel.swift */ = {isa = PBXFileReference; fileEncoding = 4; lastKnownFileType = sourcecode.swift; path = RegAuthViewModel.swift; sourceTree = "<group>"; };
		FD8AD89B2C243C8A008C4FCB /* SettingsMenuView.swift */ = {isa = PBXFileReference; fileEncoding = 4; lastKnownFileType = sourcecode.swift; path = SettingsMenuView.swift; sourceTree = "<group>"; };
		FD8AD89C2C243C8A008C4FCB /* LoadingView.swift */ = {isa = PBXFileReference; fileEncoding = 4; lastKnownFileType = sourcecode.swift; path = LoadingView.swift; sourceTree = "<group>"; };
		FD8AD89D2C243C8A008C4FCB /* BungeeHairline-Regular.ttf */ = {isa = PBXFileReference; lastKnownFileType = file; path = "BungeeHairline-Regular.ttf"; sourceTree = "<group>"; };
		FD8AD8B52C243E1A008C4FCB /* GoogleService-Info.plist */ = {isa = PBXFileReference; fileEncoding = 4; lastKnownFileType = text.plist.xml; path = "GoogleService-Info.plist"; sourceTree = "<group>"; };
		FD8AD8B72C243E41008C4FCB /* Info.plist */ = {isa = PBXFileReference; lastKnownFileType = text.plist; path = Info.plist; sourceTree = "<group>"; };
		FD9015162C29CB4A00B1978F /* PremiumPageView.swift */ = {isa = PBXFileReference; lastKnownFileType = sourcecode.swift; path = PremiumPageView.swift; sourceTree = "<group>"; };
		FDC1F13C2C249ED500B82A6A /* en */ = {isa = PBXFileReference; lastKnownFileType = text.plist.strings; name = en; path = en.lproj/Localizable.strings; sourceTree = "<group>"; };
		FDC1F13E2C249EE500B82A6A /* ru */ = {isa = PBXFileReference; lastKnownFileType = text.plist.strings; name = ru; path = ru.lproj/Localizable.strings; sourceTree = "<group>"; };
		FDF48F472C35BAC1001EF415 /* WelcomeView.swift */ = {isa = PBXFileReference; lastKnownFileType = sourcecode.swift; path = WelcomeView.swift; sourceTree = "<group>"; };
/* End PBXFileReference section */

/* Begin PBXFrameworksBuildPhase section */
		8BC41F8B2C344EB4000CFE75 /* Frameworks */ = {
			isa = PBXFrameworksBuildPhase;
			buildActionMask = 2147483647;
			files = (
				8BC41F9C2C344ED8000CFE75 /* GRDWireGuardKit in Frameworks */,
				8BC41F8F2C344EB4000CFE75 /* NetworkExtension.framework in Frameworks */,
			);
			runOnlyForDeploymentPostprocessing = 0;
		};
		FD8AD85A2C243C3F008C4FCB /* Frameworks */ = {
			isa = PBXFrameworksBuildPhase;
			buildActionMask = 2147483647;
			files = (
				FD8AD8CB2C2440DF008C4FCB /* FirebaseDatabase in Frameworks */,
				FD8AD8D92C2440DF008C4FCB /* FirebaseFunctionsCombine-Community in Frameworks */,
				FD8AD8D12C2440DF008C4FCB /* FirebaseFirestore in Frameworks */,
				FD8AD8BD2C2440DF008C4FCB /* FirebaseAnalyticsSwift in Frameworks */,
				FD8AD8B92C2440DF008C4FCB /* FirebaseAnalytics in Frameworks */,
				FD8AD8BB2C2440DF008C4FCB /* FirebaseAnalyticsOnDeviceConversion in Frameworks */,
				FD8AD8E12C2440DF008C4FCB /* FirebaseMLModelDownloader in Frameworks */,
				FD8AD8D52C2440DF008C4FCB /* FirebaseFirestoreSwift in Frameworks */,
				FD8AD8C12C2440DF008C4FCB /* FirebaseAppCheck in Frameworks */,
				FD8AD8F12C2441F6008C4FCB /* GoogleSignIn in Frameworks */,
				FD8AD8BF2C2440DF008C4FCB /* FirebaseAnalyticsWithoutAdIdSupport in Frameworks */,
				FD8AD8C52C2440DF008C4FCB /* FirebaseAuth in Frameworks */,
				FD8AD8C92C2440DF008C4FCB /* FirebaseCrashlytics in Frameworks */,
				FD8AD8E92C2440DF008C4FCB /* FirebaseRemoteConfigSwift in Frameworks */,
				FD8AD8DB2C2440DF008C4FCB /* FirebaseInAppMessaging-Beta in Frameworks */,
				FD8AD8F32C2441F6008C4FCB /* GoogleSignInSwift in Frameworks */,
				FD8AD8CD2C2440DF008C4FCB /* FirebaseDatabaseSwift in Frameworks */,
				FD8AD8D72C2440DF008C4FCB /* FirebaseFunctions in Frameworks */,
				FD8AD8ED2C2440DF008C4FCB /* FirebaseStorageCombine-Community in Frameworks */,
				FD8AD8E72C2440DF008C4FCB /* FirebaseRemoteConfig in Frameworks */,
				FD8AD8C32C2440DF008C4FCB /* FirebaseAppDistribution-Beta in Frameworks */,
				FD8AD8C72C2440DF008C4FCB /* FirebaseAuthCombine-Community in Frameworks */,
				FD8AD8E52C2440DF008C4FCB /* FirebasePerformance in Frameworks */,
				FD8AD8DD2C2440DF008C4FCB /* FirebaseInAppMessagingSwift-Beta in Frameworks */,
				FD8AD8EB2C2440DF008C4FCB /* FirebaseStorage in Frameworks */,
				FD8AD8CF2C2440DF008C4FCB /* FirebaseDynamicLinks in Frameworks */,
				FD8AD8EF2C2440DF008C4FCB /* FirebaseVertexAI-Preview in Frameworks */,
				8BA13E442C3C809400836998 /* YandexMobileAdsPackage in Frameworks */,
				FD8AD8D32C2440DF008C4FCB /* FirebaseFirestoreCombine-Community in Frameworks */,
				FD8AD8E32C2440DF008C4FCB /* FirebaseMessaging in Frameworks */,
				8BC41F852C343E1D000CFE75 /* GRDWireGuardKit in Frameworks */,
				FD8AD8DF2C2440DF008C4FCB /* FirebaseInstallations in Frameworks */,
			);
			runOnlyForDeploymentPostprocessing = 0;
		};
		FD8AD86B2C243C40008C4FCB /* Frameworks */ = {
			isa = PBXFrameworksBuildPhase;
			buildActionMask = 2147483647;
			files = (
			);
			runOnlyForDeploymentPostprocessing = 0;
		};
		FD8AD8752C243C40008C4FCB /* Frameworks */ = {
			isa = PBXFrameworksBuildPhase;
			buildActionMask = 2147483647;
			files = (
			);
			runOnlyForDeploymentPostprocessing = 0;
		};
/* End PBXFrameworksBuildPhase section */

/* Begin PBXGroup section */
		8B70136B2C261DD100BACE0B /* RegAuth */ = {
			isa = PBXGroup;
			children = (
				FD8AD8922C243C8A008C4FCB /* RegAuthView.swift */,
				FD8AD89A2C243C8A008C4FCB /* RegAuthViewModel.swift */,
			);
			path = RegAuth;
			sourceTree = "<group>";
		};
		8B70136C2C261DFB00BACE0B /* SettingsMenu */ = {
			isa = PBXGroup;
			children = (
				FD8AD8962C243C8A008C4FCB /* SettingsView.swift */,
				FD8AD89B2C243C8A008C4FCB /* SettingsMenuView.swift */,
				8B70136F2C261ED300BACE0B /* TermsOfServiceView.swift */,
				FD8AD8992C243C8A008C4FCB /* DescriptionView.swift */,
				8B7013732C261F3400BACE0B /* PrivacyPolicyView.swift */,
				FD9015162C29CB4A00B1978F /* PremiumPageView.swift */,
				FD4826C32C39B4A700AD40A5 /* benefitsCarouselView.swift */,
				FD0512892C39D0B000D86C0B /* PriceCardView.swift */,
			);
			path = SettingsMenu;
			sourceTree = "<group>";
		};
		8B70136D2C261E3600BACE0B /* Main */ = {
			isa = PBXGroup;
			children = (
				FD8AD8902C243C8A008C4FCB /* MainView.swift */,
				FD8AD88E2C243C8A008C4FCB /* MainViewModel.swift */,
				FD8AD8982C243C8A008C4FCB /* SwipeToUnlockView.swift */,
				FD8AD8952C243C8A008C4FCB /* CountryPickerView.swift */,
				FD8AD89C2C243C8A008C4FCB /* LoadingView.swift */,
				FDF48F472C35BAC1001EF415 /* WelcomeView.swift */,
			);
			path = Main;
			sourceTree = "<group>";
		};
		8B70136E2C261E8C00BACE0B /* Model */ = {
			isa = PBXGroup;
			children = (
				FD8AD88D2C243C8A008C4FCB /* Models.swift */,
			);
			path = Model;
			sourceTree = "<group>";
		};
		8B7013752C261FFE00BACE0B /* Extensions */ = {
			isa = PBXGroup;
			children = (
				FD8AD8942C243C8A008C4FCB /* GoogleView.swift */,
			);
			path = Extensions;
			sourceTree = "<group>";
		};
		8B70137C2C2627F000BACE0B /* Frameworks */ = {
			isa = PBXGroup;
			children = (
				8B70137D2C2627F000BACE0B /* NetworkExtension.framework */,
			);
			name = Frameworks;
			sourceTree = "<group>";
		};
		8BC41F902C344EB4000CFE75 /* TunnelExtension */ = {
			isa = PBXGroup;
			children = (
				8BC41F912C344EB4000CFE75 /* PacketTunnelProvider.swift */,
				8BC41F9D2C344F09000CFE75 /* String+ArrayConversion.swift */,
				8BC41F9F2C344F17000CFE75 /* TunnelConfiguration+WgQuickConfig.swift */,
				8BC41F932C344EB4000CFE75 /* Info.plist */,
				8BC41F942C344EB4000CFE75 /* TunnelExtension.entitlements */,
			);
			path = TunnelExtension;
			sourceTree = "<group>";
		};
		FD8AD8542C243C3F008C4FCB = {
			isa = PBXGroup;
			children = (
				8BA13E452C3C819A00836998 /* MobileAdsBundle.bundle */,
				FD8AD85F2C243C3F008C4FCB /* VpnZep */,
				FD8AD8712C243C40008C4FCB /* VpnZepTests */,
				FD8AD87B2C243C40008C4FCB /* VpnZepUITests */,
				8BC41F902C344EB4000CFE75 /* TunnelExtension */,
				8B70137C2C2627F000BACE0B /* Frameworks */,
				FD8AD85E2C243C3F008C4FCB /* Products */,
			);
			sourceTree = "<group>";
		};
		FD8AD85E2C243C3F008C4FCB /* Products */ = {
			isa = PBXGroup;
			children = (
				FD8AD85D2C243C3F008C4FCB /* VpnZep.app */,
				FD8AD86E2C243C40008C4FCB /* VpnZepTests.xctest */,
				FD8AD8782C243C40008C4FCB /* VpnZepUITests.xctest */,
				8BC41F8E2C344EB4000CFE75 /* TunnelExtension.appex */,
			);
			name = Products;
			sourceTree = "<group>";
		};
		FD8AD85F2C243C3F008C4FCB /* VpnZep */ = {
			isa = PBXGroup;
			children = (
				FD8AD8602C243C3F008C4FCB /* VpnZepApp.swift */,
				FD8AD88C2C243C8A008C4FCB /* AppDelegate.swift */,
				FD8AD8972C243C8A008C4FCB /* FirebaseManager.swift */,
				8B6616402C2734210029F6E6 /* VpnManager.swift */,
				8B2A203D2C35A23E0028532E /* ConfigsManager.swift */,
				8B53A18B2C3C320200D6E515 /* YandexAdsManager.swift */,
				8B70136E2C261E8C00BACE0B /* Model */,
				8B7013752C261FFE00BACE0B /* Extensions */,
				8B70136D2C261E3600BACE0B /* Main */,
				8B70136B2C261DD100BACE0B /* RegAuth */,
				8B70136C2C261DFB00BACE0B /* SettingsMenu */,
				FDC1F13D2C249ED500B82A6A /* Localizable.strings */,
				FD8AD8B72C243E41008C4FCB /* Info.plist */,
				FD8AD8B52C243E1A008C4FCB /* GoogleService-Info.plist */,
				FD8AD89D2C243C8A008C4FCB /* BungeeHairline-Regular.ttf */,
				FD8AD8642C243C40008C4FCB /* Assets.xcassets */,
				FD8AD8662C243C40008C4FCB /* VpnZep.entitlements */,
				FD8AD8672C243C40008C4FCB /* Preview Content */,
			);
			path = VpnZep;
			sourceTree = "<group>";
		};
		FD8AD8672C243C40008C4FCB /* Preview Content */ = {
			isa = PBXGroup;
			children = (
				FD8AD8682C243C40008C4FCB /* Preview Assets.xcassets */,
			);
			path = "Preview Content";
			sourceTree = "<group>";
		};
		FD8AD8712C243C40008C4FCB /* VpnZepTests */ = {
			isa = PBXGroup;
			children = (
				FD8AD8722C243C40008C4FCB /* VpnZepTests.swift */,
			);
			path = VpnZepTests;
			sourceTree = "<group>";
		};
		FD8AD87B2C243C40008C4FCB /* VpnZepUITests */ = {
			isa = PBXGroup;
			children = (
				FD8AD87C2C243C40008C4FCB /* VpnZepUITests.swift */,
				FD8AD87E2C243C40008C4FCB /* VpnZepUITestsLaunchTests.swift */,
			);
			path = VpnZepUITests;
			sourceTree = "<group>";
		};
/* End PBXGroup section */

/* Begin PBXNativeTarget section */
		8BC41F8D2C344EB4000CFE75 /* TunnelExtension */ = {
			isa = PBXNativeTarget;
			buildConfigurationList = 8BC41F982C344EB4000CFE75 /* Build configuration list for PBXNativeTarget "TunnelExtension" */;
			buildPhases = (
				8BC41F8A2C344EB4000CFE75 /* Sources */,
				8BC41F8B2C344EB4000CFE75 /* Frameworks */,
				8BC41F8C2C344EB4000CFE75 /* Resources */,
			);
			buildRules = (
			);
			dependencies = (
			);
			name = TunnelExtension;
			packageProductDependencies = (
				8BC41F9B2C344ED8000CFE75 /* GRDWireGuardKit */,
			);
			productName = TunnelExtension;
			productReference = 8BC41F8E2C344EB4000CFE75 /* TunnelExtension.appex */;
			productType = "com.apple.product-type.app-extension";
		};
		FD8AD85C2C243C3F008C4FCB /* VpnZep */ = {
			isa = PBXNativeTarget;
			buildConfigurationList = FD8AD8822C243C40008C4FCB /* Build configuration list for PBXNativeTarget "VpnZep" */;
			buildPhases = (
				FD8AD8592C243C3F008C4FCB /* Sources */,
				FD8AD85A2C243C3F008C4FCB /* Frameworks */,
				FD8AD85B2C243C3F008C4FCB /* Resources */,
				8B70138A2C2627F000BACE0B /* Embed Foundation Extensions */,
			);
			buildRules = (
			);
			dependencies = (
				8BC41F962C344EB4000CFE75 /* PBXTargetDependency */,
			);
			name = VpnZep;
			packageProductDependencies = (
				FD8AD8B82C2440DF008C4FCB /* FirebaseAnalytics */,
				FD8AD8BA2C2440DF008C4FCB /* FirebaseAnalyticsOnDeviceConversion */,
				FD8AD8BC2C2440DF008C4FCB /* FirebaseAnalyticsSwift */,
				FD8AD8BE2C2440DF008C4FCB /* FirebaseAnalyticsWithoutAdIdSupport */,
				FD8AD8C02C2440DF008C4FCB /* FirebaseAppCheck */,
				FD8AD8C22C2440DF008C4FCB /* FirebaseAppDistribution-Beta */,
				FD8AD8C42C2440DF008C4FCB /* FirebaseAuth */,
				FD8AD8C62C2440DF008C4FCB /* FirebaseAuthCombine-Community */,
				FD8AD8C82C2440DF008C4FCB /* FirebaseCrashlytics */,
				FD8AD8CA2C2440DF008C4FCB /* FirebaseDatabase */,
				FD8AD8CC2C2440DF008C4FCB /* FirebaseDatabaseSwift */,
				FD8AD8CE2C2440DF008C4FCB /* FirebaseDynamicLinks */,
				FD8AD8D02C2440DF008C4FCB /* FirebaseFirestore */,
				FD8AD8D22C2440DF008C4FCB /* FirebaseFirestoreCombine-Community */,
				FD8AD8D42C2440DF008C4FCB /* FirebaseFirestoreSwift */,
				FD8AD8D62C2440DF008C4FCB /* FirebaseFunctions */,
				FD8AD8D82C2440DF008C4FCB /* FirebaseFunctionsCombine-Community */,
				FD8AD8DA2C2440DF008C4FCB /* FirebaseInAppMessaging-Beta */,
				FD8AD8DC2C2440DF008C4FCB /* FirebaseInAppMessagingSwift-Beta */,
				FD8AD8DE2C2440DF008C4FCB /* FirebaseInstallations */,
				FD8AD8E02C2440DF008C4FCB /* FirebaseMLModelDownloader */,
				FD8AD8E22C2440DF008C4FCB /* FirebaseMessaging */,
				FD8AD8E42C2440DF008C4FCB /* FirebasePerformance */,
				FD8AD8E62C2440DF008C4FCB /* FirebaseRemoteConfig */,
				FD8AD8E82C2440DF008C4FCB /* FirebaseRemoteConfigSwift */,
				FD8AD8EA2C2440DF008C4FCB /* FirebaseStorage */,
				FD8AD8EC2C2440DF008C4FCB /* FirebaseStorageCombine-Community */,
				FD8AD8EE2C2440DF008C4FCB /* FirebaseVertexAI-Preview */,
				FD8AD8F02C2441F6008C4FCB /* GoogleSignIn */,
				FD8AD8F22C2441F6008C4FCB /* GoogleSignInSwift */,
				8BC41F842C343E1D000CFE75 /* GRDWireGuardKit */,
				8BA13E432C3C809400836998 /* YandexMobileAdsPackage */,
			);
			productName = VpnZep;
			productReference = FD8AD85D2C243C3F008C4FCB /* VpnZep.app */;
			productType = "com.apple.product-type.application";
		};
		FD8AD86D2C243C40008C4FCB /* VpnZepTests */ = {
			isa = PBXNativeTarget;
			buildConfigurationList = FD8AD8852C243C40008C4FCB /* Build configuration list for PBXNativeTarget "VpnZepTests" */;
			buildPhases = (
				FD8AD86A2C243C40008C4FCB /* Sources */,
				FD8AD86B2C243C40008C4FCB /* Frameworks */,
				FD8AD86C2C243C40008C4FCB /* Resources */,
			);
			buildRules = (
			);
			dependencies = (
				FD8AD8702C243C40008C4FCB /* PBXTargetDependency */,
			);
			name = VpnZepTests;
			productName = VpnZepTests;
			productReference = FD8AD86E2C243C40008C4FCB /* VpnZepTests.xctest */;
			productType = "com.apple.product-type.bundle.unit-test";
		};
		FD8AD8772C243C40008C4FCB /* VpnZepUITests */ = {
			isa = PBXNativeTarget;
			buildConfigurationList = FD8AD8882C243C40008C4FCB /* Build configuration list for PBXNativeTarget "VpnZepUITests" */;
			buildPhases = (
				FD8AD8742C243C40008C4FCB /* Sources */,
				FD8AD8752C243C40008C4FCB /* Frameworks */,
				FD8AD8762C243C40008C4FCB /* Resources */,
			);
			buildRules = (
			);
			dependencies = (
				FD8AD87A2C243C40008C4FCB /* PBXTargetDependency */,
			);
			name = VpnZepUITests;
			productName = VpnZepUITests;
			productReference = FD8AD8782C243C40008C4FCB /* VpnZepUITests.xctest */;
			productType = "com.apple.product-type.bundle.ui-testing";
		};
/* End PBXNativeTarget section */

/* Begin PBXProject section */
		FD8AD8552C243C3F008C4FCB /* Project object */ = {
			isa = PBXProject;
			attributes = {
				BuildIndependentTargetsInParallel = 1;
				LastSwiftUpdateCheck = 1540;
				LastUpgradeCheck = 1520;
				TargetAttributes = {
					8BC41F8D2C344EB4000CFE75 = {
						CreatedOnToolsVersion = 15.4;
					};
					FD8AD85C2C243C3F008C4FCB = {
						CreatedOnToolsVersion = 15.2;
					};
					FD8AD86D2C243C40008C4FCB = {
						CreatedOnToolsVersion = 15.2;
						TestTargetID = FD8AD85C2C243C3F008C4FCB;
					};
					FD8AD8772C243C40008C4FCB = {
						CreatedOnToolsVersion = 15.2;
						TestTargetID = FD8AD85C2C243C3F008C4FCB;
					};
				};
			};
			buildConfigurationList = FD8AD8582C243C3F008C4FCB /* Build configuration list for PBXProject "VpnZep" */;
			compatibilityVersion = "Xcode 14.0";
			developmentRegion = en;
			hasScannedForEncodings = 0;
			knownRegions = (
				en,
				Base,
				ru,
			);
			mainGroup = FD8AD8542C243C3F008C4FCB;
			packageReferences = (
				FD8AD8B12C243CF2008C4FCB /* XCRemoteSwiftPackageReference "GoogleSignIn-iOS" */,
				FD8AD8B22C243D2D008C4FCB /* XCRemoteSwiftPackageReference "firebase-ios-sdk" */,
				8BC41F812C343E03000CFE75 /* XCRemoteSwiftPackageReference "GuardianWireGuard" */,
				8BA13E422C3C809400836998 /* XCRemoteSwiftPackageReference "yandex-ads-sdk-ios" */,
			);
			productRefGroup = FD8AD85E2C243C3F008C4FCB /* Products */;
			projectDirPath = "";
			projectRoot = "";
			targets = (
				FD8AD85C2C243C3F008C4FCB /* VpnZep */,
				FD8AD86D2C243C40008C4FCB /* VpnZepTests */,
				FD8AD8772C243C40008C4FCB /* VpnZepUITests */,
				8BC41F8D2C344EB4000CFE75 /* TunnelExtension */,
			);
		};
/* End PBXProject section */

/* Begin PBXResourcesBuildPhase section */
		8BC41F8C2C344EB4000CFE75 /* Resources */ = {
			isa = PBXResourcesBuildPhase;
			buildActionMask = 2147483647;
			files = (
			);
			runOnlyForDeploymentPostprocessing = 0;
		};
		FD8AD85B2C243C3F008C4FCB /* Resources */ = {
			isa = PBXResourcesBuildPhase;
			buildActionMask = 2147483647;
			files = (
				8BA13E462C3C819A00836998 /* MobileAdsBundle.bundle in Resources */,
				FDC1F13B2C249ED500B82A6A /* Localizable.strings in Resources */,
				FD8AD8692C243C40008C4FCB /* Preview Assets.xcassets in Resources */,
				FD8AD8B62C243E1A008C4FCB /* GoogleService-Info.plist in Resources */,
				FD8AD8652C243C40008C4FCB /* Assets.xcassets in Resources */,
				FD8AD8B02C243C8A008C4FCB /* BungeeHairline-Regular.ttf in Resources */,
			);
			runOnlyForDeploymentPostprocessing = 0;
		};
		FD8AD86C2C243C40008C4FCB /* Resources */ = {
			isa = PBXResourcesBuildPhase;
			buildActionMask = 2147483647;
			files = (
			);
			runOnlyForDeploymentPostprocessing = 0;
		};
		FD8AD8762C243C40008C4FCB /* Resources */ = {
			isa = PBXResourcesBuildPhase;
			buildActionMask = 2147483647;
			files = (
			);
			runOnlyForDeploymentPostprocessing = 0;
		};
/* End PBXResourcesBuildPhase section */

/* Begin PBXSourcesBuildPhase section */
		8BC41F8A2C344EB4000CFE75 /* Sources */ = {
			isa = PBXSourcesBuildPhase;
			buildActionMask = 2147483647;
			files = (
				8BC41FA02C344F17000CFE75 /* TunnelConfiguration+WgQuickConfig.swift in Sources */,
				8BC41F9E2C344F09000CFE75 /* String+ArrayConversion.swift in Sources */,
				8BC41F922C344EB4000CFE75 /* PacketTunnelProvider.swift in Sources */,
			);
			runOnlyForDeploymentPostprocessing = 0;
		};
		FD8AD8592C243C3F008C4FCB /* Sources */ = {
			isa = PBXSourcesBuildPhase;
			buildActionMask = 2147483647;
			files = (
				FD8AD8A12C243C8A008C4FCB /* MainViewModel.swift in Sources */,
				FD8AD8A32C243C8A008C4FCB /* MainView.swift in Sources */,
				8B7013742C261F3400BACE0B /* PrivacyPolicyView.swift in Sources */,
				FD8AD8AA2C243C8A008C4FCB /* FirebaseManager.swift in Sources */,
				FD8AD8AE2C243C8A008C4FCB /* SettingsMenuView.swift in Sources */,
				8B2A203E2C35A23E0028532E /* ConfigsManager.swift in Sources */,
				FD8AD89F2C243C8A008C4FCB /* AppDelegate.swift in Sources */,
				FD8AD8612C243C3F008C4FCB /* VpnZepApp.swift in Sources */,
				FD8AD8AD2C243C8A008C4FCB /* RegAuthViewModel.swift in Sources */,
				8B6616412C2734210029F6E6 /* VpnManager.swift in Sources */,
				FD05128A2C39D0B000D86C0B /* PriceCardView.swift in Sources */,
				FD8AD8A92C243C8A008C4FCB /* SettingsView.swift in Sources */,
				FD8AD8A52C243C8A008C4FCB /* RegAuthView.swift in Sources */,
				FD8AD8AB2C243C8A008C4FCB /* SwipeToUnlockView.swift in Sources */,
				FD4826C42C39B4A700AD40A5 /* benefitsCarouselView.swift in Sources */,
				FD8AD8A72C243C8A008C4FCB /* GoogleView.swift in Sources */,
				FD8AD8A02C243C8A008C4FCB /* Models.swift in Sources */,
				FD9015172C29CB4A00B1978F /* PremiumPageView.swift in Sources */,
				8B53A18C2C3C320200D6E515 /* YandexAdsManager.swift in Sources */,
				FD8AD8A82C243C8A008C4FCB /* CountryPickerView.swift in Sources */,
				FDF48F482C35BAC1001EF415 /* WelcomeView.swift in Sources */,
				FD8AD8AF2C243C8A008C4FCB /* LoadingView.swift in Sources */,
				FD8AD8AC2C243C8A008C4FCB /* DescriptionView.swift in Sources */,
				8B7013702C261ED300BACE0B /* TermsOfServiceView.swift in Sources */,
			);
			runOnlyForDeploymentPostprocessing = 0;
		};
		FD8AD86A2C243C40008C4FCB /* Sources */ = {
			isa = PBXSourcesBuildPhase;
			buildActionMask = 2147483647;
			files = (
				FD8AD8732C243C40008C4FCB /* VpnZepTests.swift in Sources */,
			);
			runOnlyForDeploymentPostprocessing = 0;
		};
		FD8AD8742C243C40008C4FCB /* Sources */ = {
			isa = PBXSourcesBuildPhase;
			buildActionMask = 2147483647;
			files = (
				FD8AD87D2C243C40008C4FCB /* VpnZepUITests.swift in Sources */,
				FD8AD87F2C243C40008C4FCB /* VpnZepUITestsLaunchTests.swift in Sources */,
			);
			runOnlyForDeploymentPostprocessing = 0;
		};
/* End PBXSourcesBuildPhase section */

/* Begin PBXTargetDependency section */
		8BC41F962C344EB4000CFE75 /* PBXTargetDependency */ = {
			isa = PBXTargetDependency;
			target = 8BC41F8D2C344EB4000CFE75 /* TunnelExtension */;
			targetProxy = 8BC41F952C344EB4000CFE75 /* PBXContainerItemProxy */;
		};
		FD8AD8702C243C40008C4FCB /* PBXTargetDependency */ = {
			isa = PBXTargetDependency;
			target = FD8AD85C2C243C3F008C4FCB /* VpnZep */;
			targetProxy = FD8AD86F2C243C40008C4FCB /* PBXContainerItemProxy */;
		};
		FD8AD87A2C243C40008C4FCB /* PBXTargetDependency */ = {
			isa = PBXTargetDependency;
			target = FD8AD85C2C243C3F008C4FCB /* VpnZep */;
			targetProxy = FD8AD8792C243C40008C4FCB /* PBXContainerItemProxy */;
		};
/* End PBXTargetDependency section */

/* Begin PBXVariantGroup section */
		FDC1F13D2C249ED500B82A6A /* Localizable.strings */ = {
			isa = PBXVariantGroup;
			children = (
				FDC1F13C2C249ED500B82A6A /* en */,
				FDC1F13E2C249EE500B82A6A /* ru */,
			);
			name = Localizable.strings;
			sourceTree = "<group>";
		};
/* End PBXVariantGroup section */

/* Begin XCBuildConfiguration section */
		8BC41F992C344EB4000CFE75 /* Debug */ = {
			isa = XCBuildConfiguration;
			buildSettings = {
				CODE_SIGN_ENTITLEMENTS = TunnelExtension/TunnelExtension.entitlements;
				CODE_SIGN_STYLE = Automatic;
				CURRENT_PROJECT_VERSION = 1;
				DEVELOPMENT_TEAM = RL288627CQ;
				GENERATE_INFOPLIST_FILE = YES;
				INFOPLIST_FILE = TunnelExtension/Info.plist;
				INFOPLIST_KEY_CFBundleDisplayName = TunnelExtension;
				INFOPLIST_KEY_NSHumanReadableCopyright = "";
				IPHONEOS_DEPLOYMENT_TARGET = 17.5;
				LD_RUNPATH_SEARCH_PATHS = (
					"$(inherited)",
					"@executable_path/Frameworks",
					"@executable_path/../../Frameworks",
				);
				MARKETING_VERSION = 1.0;
				PRODUCT_BUNDLE_IDENTIFIER = EvelinaAlexey.VpnZep.TunnelExtension;
				PRODUCT_NAME = "$(TARGET_NAME)";
				SDKROOT = iphoneos;
				SKIP_INSTALL = YES;
				SWIFT_EMIT_LOC_STRINGS = YES;
				SWIFT_VERSION = 5.0;
				TARGETED_DEVICE_FAMILY = "1,2";
			};
			name = Debug;
		};
		8BC41F9A2C344EB4000CFE75 /* Release */ = {
			isa = XCBuildConfiguration;
			buildSettings = {
				CODE_SIGN_ENTITLEMENTS = TunnelExtension/TunnelExtension.entitlements;
				CODE_SIGN_STYLE = Automatic;
				CURRENT_PROJECT_VERSION = 1;
				DEVELOPMENT_TEAM = RL288627CQ;
				GENERATE_INFOPLIST_FILE = YES;
				INFOPLIST_FILE = TunnelExtension/Info.plist;
				INFOPLIST_KEY_CFBundleDisplayName = TunnelExtension;
				INFOPLIST_KEY_NSHumanReadableCopyright = "";
				IPHONEOS_DEPLOYMENT_TARGET = 17.5;
				LD_RUNPATH_SEARCH_PATHS = (
					"$(inherited)",
					"@executable_path/Frameworks",
					"@executable_path/../../Frameworks",
				);
				MARKETING_VERSION = 1.0;
				PRODUCT_BUNDLE_IDENTIFIER = EvelinaAlexey.VpnZep.TunnelExtension;
				PRODUCT_NAME = "$(TARGET_NAME)";
				SDKROOT = iphoneos;
				SKIP_INSTALL = YES;
				SWIFT_EMIT_LOC_STRINGS = YES;
				SWIFT_VERSION = 5.0;
				TARGETED_DEVICE_FAMILY = "1,2";
				VALIDATE_PRODUCT = YES;
			};
			name = Release;
		};
		FD8AD8802C243C40008C4FCB /* Debug */ = {
			isa = XCBuildConfiguration;
			buildSettings = {
				ALWAYS_SEARCH_USER_PATHS = NO;
				ASSETCATALOG_COMPILER_GENERATE_SWIFT_ASSET_SYMBOL_EXTENSIONS = YES;
				CLANG_ANALYZER_NONNULL = YES;
				CLANG_ANALYZER_NUMBER_OBJECT_CONVERSION = YES_AGGRESSIVE;
				CLANG_CXX_LANGUAGE_STANDARD = "gnu++20";
				CLANG_ENABLE_MODULES = YES;
				CLANG_ENABLE_OBJC_ARC = YES;
				CLANG_ENABLE_OBJC_WEAK = YES;
				CLANG_WARN_BLOCK_CAPTURE_AUTORELEASING = YES;
				CLANG_WARN_BOOL_CONVERSION = YES;
				CLANG_WARN_COMMA = YES;
				CLANG_WARN_CONSTANT_CONVERSION = YES;
				CLANG_WARN_DEPRECATED_OBJC_IMPLEMENTATIONS = YES;
				CLANG_WARN_DIRECT_OBJC_ISA_USAGE = YES_ERROR;
				CLANG_WARN_DOCUMENTATION_COMMENTS = YES;
				CLANG_WARN_EMPTY_BODY = YES;
				CLANG_WARN_ENUM_CONVERSION = YES;
				CLANG_WARN_INFINITE_RECURSION = YES;
				CLANG_WARN_INT_CONVERSION = YES;
				CLANG_WARN_NON_LITERAL_NULL_CONVERSION = YES;
				CLANG_WARN_OBJC_IMPLICIT_RETAIN_SELF = YES;
				CLANG_WARN_OBJC_LITERAL_CONVERSION = YES;
				CLANG_WARN_OBJC_ROOT_CLASS = YES_ERROR;
				CLANG_WARN_QUOTED_INCLUDE_IN_FRAMEWORK_HEADER = YES;
				CLANG_WARN_RANGE_LOOP_ANALYSIS = YES;
				CLANG_WARN_STRICT_PROTOTYPES = YES;
				CLANG_WARN_SUSPICIOUS_MOVE = YES;
				CLANG_WARN_UNGUARDED_AVAILABILITY = YES_AGGRESSIVE;
				CLANG_WARN_UNREACHABLE_CODE = YES;
				CLANG_WARN__DUPLICATE_METHOD_MATCH = YES;
				COPY_PHASE_STRIP = NO;
				DEBUG_INFORMATION_FORMAT = dwarf;
				ENABLE_STRICT_OBJC_MSGSEND = YES;
				ENABLE_TESTABILITY = YES;
				ENABLE_USER_SCRIPT_SANDBOXING = YES;
				GCC_C_LANGUAGE_STANDARD = gnu17;
				GCC_DYNAMIC_NO_PIC = NO;
				GCC_NO_COMMON_BLOCKS = YES;
				GCC_OPTIMIZATION_LEVEL = 0;
				GCC_PREPROCESSOR_DEFINITIONS = (
					"DEBUG=1",
					"$(inherited)",
				);
				GCC_WARN_64_TO_32_BIT_CONVERSION = YES;
				GCC_WARN_ABOUT_RETURN_TYPE = YES_ERROR;
				GCC_WARN_UNDECLARED_SELECTOR = YES;
				GCC_WARN_UNINITIALIZED_AUTOS = YES_AGGRESSIVE;
				GCC_WARN_UNUSED_FUNCTION = YES;
				GCC_WARN_UNUSED_VARIABLE = YES;
				IPHONEOS_DEPLOYMENT_TARGET = 17.5;
				LOCALIZATION_PREFERS_STRING_CATALOGS = YES;
				MTL_ENABLE_DEBUG_INFO = INCLUDE_SOURCE;
				MTL_FAST_MATH = YES;
				ONLY_ACTIVE_ARCH = YES;
				OTHER_LDFLAGS = "-ObjC";
				SWIFT_ACTIVE_COMPILATION_CONDITIONS = "DEBUG $(inherited)";
				SWIFT_OPTIMIZATION_LEVEL = "-Onone";
			};
			name = Debug;
		};
		FD8AD8812C243C40008C4FCB /* Release */ = {
			isa = XCBuildConfiguration;
			buildSettings = {
				ALWAYS_SEARCH_USER_PATHS = NO;
				ASSETCATALOG_COMPILER_GENERATE_SWIFT_ASSET_SYMBOL_EXTENSIONS = YES;
				CLANG_ANALYZER_NONNULL = YES;
				CLANG_ANALYZER_NUMBER_OBJECT_CONVERSION = YES_AGGRESSIVE;
				CLANG_CXX_LANGUAGE_STANDARD = "gnu++20";
				CLANG_ENABLE_MODULES = YES;
				CLANG_ENABLE_OBJC_ARC = YES;
				CLANG_ENABLE_OBJC_WEAK = YES;
				CLANG_WARN_BLOCK_CAPTURE_AUTORELEASING = YES;
				CLANG_WARN_BOOL_CONVERSION = YES;
				CLANG_WARN_COMMA = YES;
				CLANG_WARN_CONSTANT_CONVERSION = YES;
				CLANG_WARN_DEPRECATED_OBJC_IMPLEMENTATIONS = YES;
				CLANG_WARN_DIRECT_OBJC_ISA_USAGE = YES_ERROR;
				CLANG_WARN_DOCUMENTATION_COMMENTS = YES;
				CLANG_WARN_EMPTY_BODY = YES;
				CLANG_WARN_ENUM_CONVERSION = YES;
				CLANG_WARN_INFINITE_RECURSION = YES;
				CLANG_WARN_INT_CONVERSION = YES;
				CLANG_WARN_NON_LITERAL_NULL_CONVERSION = YES;
				CLANG_WARN_OBJC_IMPLICIT_RETAIN_SELF = YES;
				CLANG_WARN_OBJC_LITERAL_CONVERSION = YES;
				CLANG_WARN_OBJC_ROOT_CLASS = YES_ERROR;
				CLANG_WARN_QUOTED_INCLUDE_IN_FRAMEWORK_HEADER = YES;
				CLANG_WARN_RANGE_LOOP_ANALYSIS = YES;
				CLANG_WARN_STRICT_PROTOTYPES = YES;
				CLANG_WARN_SUSPICIOUS_MOVE = YES;
				CLANG_WARN_UNGUARDED_AVAILABILITY = YES_AGGRESSIVE;
				CLANG_WARN_UNREACHABLE_CODE = YES;
				CLANG_WARN__DUPLICATE_METHOD_MATCH = YES;
				COPY_PHASE_STRIP = NO;
				DEBUG_INFORMATION_FORMAT = "dwarf-with-dsym";
				ENABLE_NS_ASSERTIONS = NO;
				ENABLE_STRICT_OBJC_MSGSEND = YES;
				ENABLE_USER_SCRIPT_SANDBOXING = YES;
				GCC_C_LANGUAGE_STANDARD = gnu17;
				GCC_NO_COMMON_BLOCKS = YES;
				GCC_WARN_64_TO_32_BIT_CONVERSION = YES;
				GCC_WARN_ABOUT_RETURN_TYPE = YES_ERROR;
				GCC_WARN_UNDECLARED_SELECTOR = YES;
				GCC_WARN_UNINITIALIZED_AUTOS = YES_AGGRESSIVE;
				GCC_WARN_UNUSED_FUNCTION = YES;
				GCC_WARN_UNUSED_VARIABLE = YES;
				IPHONEOS_DEPLOYMENT_TARGET = 17.5;
				LOCALIZATION_PREFERS_STRING_CATALOGS = YES;
				MTL_ENABLE_DEBUG_INFO = NO;
				MTL_FAST_MATH = YES;
				OTHER_LDFLAGS = "-ObjC";
				SWIFT_COMPILATION_MODE = wholemodule;
			};
			name = Release;
		};
		FD8AD8832C243C40008C4FCB /* Debug */ = {
			isa = XCBuildConfiguration;
			buildSettings = {
				ALWAYS_EMBED_SWIFT_STANDARD_LIBRARIES = YES;
				ASSETCATALOG_COMPILER_APPICON_NAME = AppIcon;
				ASSETCATALOG_COMPILER_GLOBAL_ACCENT_COLOR_NAME = AccentColor;
				ASSETCATALOG_COMPILER_INCLUDE_ALL_APPICON_ASSETS = YES;
				CODE_SIGN_ENTITLEMENTS = VpnZep/VpnZep.entitlements;
				CODE_SIGN_STYLE = Automatic;
				CURRENT_PROJECT_VERSION = 1;
				DEVELOPMENT_ASSET_PATHS = "\"VpnZep/Preview Content\"";
				DEVELOPMENT_TEAM = RL288627CQ;
				ENABLE_HARDENED_RUNTIME = YES;
				ENABLE_PREVIEWS = YES;
				GENERATE_INFOPLIST_FILE = YES;
				INFOPLIST_FILE = VpnZep/Info.plist;
				INFOPLIST_KEY_LSApplicationCategoryType = "public.app-category.utilities";
				"INFOPLIST_KEY_UIApplicationSceneManifest_Generation[sdk=iphoneos*]" = YES;
				"INFOPLIST_KEY_UIApplicationSceneManifest_Generation[sdk=iphonesimulator*]" = YES;
				"INFOPLIST_KEY_UIApplicationSupportsIndirectInputEvents[sdk=iphoneos*]" = YES;
				"INFOPLIST_KEY_UIApplicationSupportsIndirectInputEvents[sdk=iphonesimulator*]" = YES;
				"INFOPLIST_KEY_UILaunchScreen_Generation[sdk=iphoneos*]" = YES;
				"INFOPLIST_KEY_UILaunchScreen_Generation[sdk=iphonesimulator*]" = YES;
				"INFOPLIST_KEY_UIStatusBarStyle[sdk=iphoneos*]" = UIStatusBarStyleDefault;
				"INFOPLIST_KEY_UIStatusBarStyle[sdk=iphonesimulator*]" = UIStatusBarStyleDefault;
				INFOPLIST_KEY_UISupportedInterfaceOrientations = UIInterfaceOrientationPortrait;
				INFOPLIST_KEY_UISupportedInterfaceOrientations_iPad = "UIInterfaceOrientationLandscapeLeft UIInterfaceOrientationLandscapeRight UIInterfaceOrientationPortrait UIInterfaceOrientationPortraitUpsideDown";
				IPHONEOS_DEPLOYMENT_TARGET = 17.5;
				LD_RUNPATH_SEARCH_PATHS = "@executable_path/Frameworks";
				"LD_RUNPATH_SEARCH_PATHS[sdk=macosx*]" = "@executable_path/../Frameworks";
				MACOSX_DEPLOYMENT_TARGET = 14.4;
				MARKETING_VERSION = 1.0;
				PRODUCT_BUNDLE_IDENTIFIER = EvelinaAlexey.VpnZep;
				PRODUCT_NAME = "$(TARGET_NAME)";
				SDKROOT = auto;
				SUPPORTED_PLATFORMS = "iphoneos iphonesimulator";
				SUPPORTS_MACCATALYST = NO;
				SWIFT_EMIT_LOC_STRINGS = YES;
				SWIFT_VERSION = 5.0;
				TARGETED_DEVICE_FAMILY = 1;
			};
			name = Debug;
		};
		FD8AD8842C243C40008C4FCB /* Release */ = {
			isa = XCBuildConfiguration;
			buildSettings = {
				ALWAYS_EMBED_SWIFT_STANDARD_LIBRARIES = YES;
				ASSETCATALOG_COMPILER_APPICON_NAME = AppIcon;
				ASSETCATALOG_COMPILER_GLOBAL_ACCENT_COLOR_NAME = AccentColor;
				ASSETCATALOG_COMPILER_INCLUDE_ALL_APPICON_ASSETS = YES;
				CODE_SIGN_ENTITLEMENTS = VpnZep/VpnZepRelease.entitlements;
				CODE_SIGN_STYLE = Automatic;
				CURRENT_PROJECT_VERSION = 1;
				DEVELOPMENT_ASSET_PATHS = "\"VpnZep/Preview Content\"";
				DEVELOPMENT_TEAM = RL288627CQ;
				ENABLE_HARDENED_RUNTIME = YES;
				ENABLE_PREVIEWS = YES;
				GENERATE_INFOPLIST_FILE = YES;
				INFOPLIST_FILE = VpnZep/Info.plist;
				INFOPLIST_KEY_LSApplicationCategoryType = "public.app-category.utilities";
				"INFOPLIST_KEY_UIApplicationSceneManifest_Generation[sdk=iphoneos*]" = YES;
				"INFOPLIST_KEY_UIApplicationSceneManifest_Generation[sdk=iphonesimulator*]" = YES;
				"INFOPLIST_KEY_UIApplicationSupportsIndirectInputEvents[sdk=iphoneos*]" = YES;
				"INFOPLIST_KEY_UIApplicationSupportsIndirectInputEvents[sdk=iphonesimulator*]" = YES;
				"INFOPLIST_KEY_UILaunchScreen_Generation[sdk=iphoneos*]" = YES;
				"INFOPLIST_KEY_UILaunchScreen_Generation[sdk=iphonesimulator*]" = YES;
				"INFOPLIST_KEY_UIStatusBarStyle[sdk=iphoneos*]" = UIStatusBarStyleDefault;
				"INFOPLIST_KEY_UIStatusBarStyle[sdk=iphonesimulator*]" = UIStatusBarStyleDefault;
				INFOPLIST_KEY_UISupportedInterfaceOrientations = UIInterfaceOrientationPortrait;
				INFOPLIST_KEY_UISupportedInterfaceOrientations_iPad = "UIInterfaceOrientationLandscapeLeft UIInterfaceOrientationLandscapeRight UIInterfaceOrientationPortrait UIInterfaceOrientationPortraitUpsideDown";
				IPHONEOS_DEPLOYMENT_TARGET = 17.5;
				LD_RUNPATH_SEARCH_PATHS = "@executable_path/Frameworks";
				"LD_RUNPATH_SEARCH_PATHS[sdk=macosx*]" = "@executable_path/../Frameworks";
				MACOSX_DEPLOYMENT_TARGET = 14.4;
				MARKETING_VERSION = 1.0;
				PRODUCT_BUNDLE_IDENTIFIER = EvelinaAlexey.VpnZep;
				PRODUCT_NAME = "$(TARGET_NAME)";
				SDKROOT = auto;
				SUPPORTED_PLATFORMS = "iphoneos iphonesimulator";
				SUPPORTS_MACCATALYST = NO;
				SWIFT_EMIT_LOC_STRINGS = YES;
				SWIFT_VERSION = 5.0;
				TARGETED_DEVICE_FAMILY = 1;
			};
			name = Release;
		};
		FD8AD8862C243C40008C4FCB /* Debug */ = {
			isa = XCBuildConfiguration;
			buildSettings = {
				ALWAYS_EMBED_SWIFT_STANDARD_LIBRARIES = YES;
				BUNDLE_LOADER = "$(TEST_HOST)";
				CODE_SIGN_STYLE = Automatic;
				CURRENT_PROJECT_VERSION = 1;
				DEVELOPMENT_TEAM = RL288627CQ;
				GENERATE_INFOPLIST_FILE = YES;
				IPHONEOS_DEPLOYMENT_TARGET = 17.2;
				MACOSX_DEPLOYMENT_TARGET = 14.2;
				MARKETING_VERSION = 1.0;
				PRODUCT_BUNDLE_IDENTIFIER = EvelinaAlexey.VpnZepTests;
				PRODUCT_NAME = "$(TARGET_NAME)";
				SDKROOT = auto;
				SUPPORTED_PLATFORMS = "iphoneos iphonesimulator macosx";
				SWIFT_EMIT_LOC_STRINGS = NO;
				SWIFT_VERSION = 5.0;
				TARGETED_DEVICE_FAMILY = "1,2";
				TEST_HOST = "$(BUILT_PRODUCTS_DIR)/VpnZep.app/$(BUNDLE_EXECUTABLE_FOLDER_PATH)/VpnZep";
			};
			name = Debug;
		};
		FD8AD8872C243C40008C4FCB /* Release */ = {
			isa = XCBuildConfiguration;
			buildSettings = {
				ALWAYS_EMBED_SWIFT_STANDARD_LIBRARIES = YES;
				BUNDLE_LOADER = "$(TEST_HOST)";
				CODE_SIGN_STYLE = Automatic;
				CURRENT_PROJECT_VERSION = 1;
				DEVELOPMENT_TEAM = RL288627CQ;
				GENERATE_INFOPLIST_FILE = YES;
				IPHONEOS_DEPLOYMENT_TARGET = 17.2;
				MACOSX_DEPLOYMENT_TARGET = 14.2;
				MARKETING_VERSION = 1.0;
				PRODUCT_BUNDLE_IDENTIFIER = EvelinaAlexey.VpnZepTests;
				PRODUCT_NAME = "$(TARGET_NAME)";
				SDKROOT = auto;
				SUPPORTED_PLATFORMS = "iphoneos iphonesimulator macosx";
				SWIFT_EMIT_LOC_STRINGS = NO;
				SWIFT_VERSION = 5.0;
				TARGETED_DEVICE_FAMILY = "1,2";
				TEST_HOST = "$(BUILT_PRODUCTS_DIR)/VpnZep.app/$(BUNDLE_EXECUTABLE_FOLDER_PATH)/VpnZep";
			};
			name = Release;
		};
		FD8AD8892C243C40008C4FCB /* Debug */ = {
			isa = XCBuildConfiguration;
			buildSettings = {
				ALWAYS_EMBED_SWIFT_STANDARD_LIBRARIES = YES;
				CODE_SIGN_STYLE = Automatic;
				CURRENT_PROJECT_VERSION = 1;
				DEVELOPMENT_TEAM = RL288627CQ;
				GENERATE_INFOPLIST_FILE = YES;
				IPHONEOS_DEPLOYMENT_TARGET = 17.2;
				MACOSX_DEPLOYMENT_TARGET = 14.2;
				MARKETING_VERSION = 1.0;
				PRODUCT_BUNDLE_IDENTIFIER = EvelinaAlexey.VpnZepUITests;
				PRODUCT_NAME = "$(TARGET_NAME)";
				SDKROOT = auto;
				SUPPORTED_PLATFORMS = "iphoneos iphonesimulator macosx";
				SWIFT_EMIT_LOC_STRINGS = NO;
				SWIFT_VERSION = 5.0;
				TARGETED_DEVICE_FAMILY = "1,2";
				TEST_TARGET_NAME = VpnZep;
			};
			name = Debug;
		};
		FD8AD88A2C243C40008C4FCB /* Release */ = {
			isa = XCBuildConfiguration;
			buildSettings = {
				ALWAYS_EMBED_SWIFT_STANDARD_LIBRARIES = YES;
				CODE_SIGN_STYLE = Automatic;
				CURRENT_PROJECT_VERSION = 1;
				DEVELOPMENT_TEAM = RL288627CQ;
				GENERATE_INFOPLIST_FILE = YES;
				IPHONEOS_DEPLOYMENT_TARGET = 17.2;
				MACOSX_DEPLOYMENT_TARGET = 14.2;
				MARKETING_VERSION = 1.0;
				PRODUCT_BUNDLE_IDENTIFIER = EvelinaAlexey.VpnZepUITests;
				PRODUCT_NAME = "$(TARGET_NAME)";
				SDKROOT = auto;
				SUPPORTED_PLATFORMS = "iphoneos iphonesimulator macosx";
				SWIFT_EMIT_LOC_STRINGS = NO;
				SWIFT_VERSION = 5.0;
				TARGETED_DEVICE_FAMILY = "1,2";
				TEST_TARGET_NAME = VpnZep;
			};
			name = Release;
		};
/* End XCBuildConfiguration section */

/* Begin XCConfigurationList section */
		8BC41F982C344EB4000CFE75 /* Build configuration list for PBXNativeTarget "TunnelExtension" */ = {
			isa = XCConfigurationList;
			buildConfigurations = (
				8BC41F992C344EB4000CFE75 /* Debug */,
				8BC41F9A2C344EB4000CFE75 /* Release */,
			);
			defaultConfigurationIsVisible = 0;
			defaultConfigurationName = Release;
		};
		FD8AD8582C243C3F008C4FCB /* Build configuration list for PBXProject "VpnZep" */ = {
			isa = XCConfigurationList;
			buildConfigurations = (
				FD8AD8802C243C40008C4FCB /* Debug */,
				FD8AD8812C243C40008C4FCB /* Release */,
			);
			defaultConfigurationIsVisible = 0;
			defaultConfigurationName = Release;
		};
		FD8AD8822C243C40008C4FCB /* Build configuration list for PBXNativeTarget "VpnZep" */ = {
			isa = XCConfigurationList;
			buildConfigurations = (
				FD8AD8832C243C40008C4FCB /* Debug */,
				FD8AD8842C243C40008C4FCB /* Release */,
			);
			defaultConfigurationIsVisible = 0;
			defaultConfigurationName = Release;
		};
		FD8AD8852C243C40008C4FCB /* Build configuration list for PBXNativeTarget "VpnZepTests" */ = {
			isa = XCConfigurationList;
			buildConfigurations = (
				FD8AD8862C243C40008C4FCB /* Debug */,
				FD8AD8872C243C40008C4FCB /* Release */,
			);
			defaultConfigurationIsVisible = 0;
			defaultConfigurationName = Release;
		};
		FD8AD8882C243C40008C4FCB /* Build configuration list for PBXNativeTarget "VpnZepUITests" */ = {
			isa = XCConfigurationList;
			buildConfigurations = (
				FD8AD8892C243C40008C4FCB /* Debug */,
				FD8AD88A2C243C40008C4FCB /* Release */,
			);
			defaultConfigurationIsVisible = 0;
			defaultConfigurationName = Release;
		};
/* End XCConfigurationList section */

/* Begin XCRemoteSwiftPackageReference section */
		8BA13E422C3C809400836998 /* XCRemoteSwiftPackageReference "yandex-ads-sdk-ios" */ = {
			isa = XCRemoteSwiftPackageReference;
			repositoryURL = "https://github.com/yandexmobile/yandex-ads-sdk-ios";
			requirement = {
				kind = upToNextMajorVersion;
				minimumVersion = 7.1.1;
			};
		};
		8BC41F812C343E03000CFE75 /* XCRemoteSwiftPackageReference "GuardianWireGuard" */ = {
			isa = XCRemoteSwiftPackageReference;
			repositoryURL = "https://github.com/GuardianFirewall/GuardianWireGuard";
			requirement = {
				kind = upToNextMajorVersion;
				minimumVersion = 1.0.0;
			};
		};
		FD8AD8B12C243CF2008C4FCB /* XCRemoteSwiftPackageReference "GoogleSignIn-iOS" */ = {
			isa = XCRemoteSwiftPackageReference;
			repositoryURL = "https://github.com/google/GoogleSignIn-iOS";
			requirement = {
				kind = upToNextMajorVersion;
				minimumVersion = 7.1.0;
			};
		};
		FD8AD8B22C243D2D008C4FCB /* XCRemoteSwiftPackageReference "firebase-ios-sdk" */ = {
			isa = XCRemoteSwiftPackageReference;
			repositoryURL = "https://github.com/firebase/firebase-ios-sdk";
			requirement = {
				kind = upToNextMajorVersion;
				minimumVersion = 10.28.0;
			};
		};
/* End XCRemoteSwiftPackageReference section */

/* Begin XCSwiftPackageProductDependency section */
		8BA13E432C3C809400836998 /* YandexMobileAdsPackage */ = {
			isa = XCSwiftPackageProductDependency;
			package = 8BA13E422C3C809400836998 /* XCRemoteSwiftPackageReference "yandex-ads-sdk-ios" */;
			productName = YandexMobileAdsPackage;
		};
		8BC41F842C343E1D000CFE75 /* GRDWireGuardKit */ = {
			isa = XCSwiftPackageProductDependency;
			package = 8BC41F812C343E03000CFE75 /* XCRemoteSwiftPackageReference "GuardianWireGuard" */;
			productName = GRDWireGuardKit;
		};
		8BC41F9B2C344ED8000CFE75 /* GRDWireGuardKit */ = {
			isa = XCSwiftPackageProductDependency;
			package = 8BC41F812C343E03000CFE75 /* XCRemoteSwiftPackageReference "GuardianWireGuard" */;
			productName = GRDWireGuardKit;
		};
		FD8AD8B82C2440DF008C4FCB /* FirebaseAnalytics */ = {
			isa = XCSwiftPackageProductDependency;
			package = FD8AD8B22C243D2D008C4FCB /* XCRemoteSwiftPackageReference "firebase-ios-sdk" */;
			productName = FirebaseAnalytics;
		};
		FD8AD8BA2C2440DF008C4FCB /* FirebaseAnalyticsOnDeviceConversion */ = {
			isa = XCSwiftPackageProductDependency;
			package = FD8AD8B22C243D2D008C4FCB /* XCRemoteSwiftPackageReference "firebase-ios-sdk" */;
			productName = FirebaseAnalyticsOnDeviceConversion;
		};
		FD8AD8BC2C2440DF008C4FCB /* FirebaseAnalyticsSwift */ = {
			isa = XCSwiftPackageProductDependency;
			package = FD8AD8B22C243D2D008C4FCB /* XCRemoteSwiftPackageReference "firebase-ios-sdk" */;
			productName = FirebaseAnalyticsSwift;
		};
		FD8AD8BE2C2440DF008C4FCB /* FirebaseAnalyticsWithoutAdIdSupport */ = {
			isa = XCSwiftPackageProductDependency;
			package = FD8AD8B22C243D2D008C4FCB /* XCRemoteSwiftPackageReference "firebase-ios-sdk" */;
			productName = FirebaseAnalyticsWithoutAdIdSupport;
		};
		FD8AD8C02C2440DF008C4FCB /* FirebaseAppCheck */ = {
			isa = XCSwiftPackageProductDependency;
			package = FD8AD8B22C243D2D008C4FCB /* XCRemoteSwiftPackageReference "firebase-ios-sdk" */;
			productName = FirebaseAppCheck;
		};
		FD8AD8C22C2440DF008C4FCB /* FirebaseAppDistribution-Beta */ = {
			isa = XCSwiftPackageProductDependency;
			package = FD8AD8B22C243D2D008C4FCB /* XCRemoteSwiftPackageReference "firebase-ios-sdk" */;
			productName = "FirebaseAppDistribution-Beta";
		};
		FD8AD8C42C2440DF008C4FCB /* FirebaseAuth */ = {
			isa = XCSwiftPackageProductDependency;
			package = FD8AD8B22C243D2D008C4FCB /* XCRemoteSwiftPackageReference "firebase-ios-sdk" */;
			productName = FirebaseAuth;
		};
		FD8AD8C62C2440DF008C4FCB /* FirebaseAuthCombine-Community */ = {
			isa = XCSwiftPackageProductDependency;
			package = FD8AD8B22C243D2D008C4FCB /* XCRemoteSwiftPackageReference "firebase-ios-sdk" */;
			productName = "FirebaseAuthCombine-Community";
		};
		FD8AD8C82C2440DF008C4FCB /* FirebaseCrashlytics */ = {
			isa = XCSwiftPackageProductDependency;
			package = FD8AD8B22C243D2D008C4FCB /* XCRemoteSwiftPackageReference "firebase-ios-sdk" */;
			productName = FirebaseCrashlytics;
		};
		FD8AD8CA2C2440DF008C4FCB /* FirebaseDatabase */ = {
			isa = XCSwiftPackageProductDependency;
			package = FD8AD8B22C243D2D008C4FCB /* XCRemoteSwiftPackageReference "firebase-ios-sdk" */;
			productName = FirebaseDatabase;
		};
		FD8AD8CC2C2440DF008C4FCB /* FirebaseDatabaseSwift */ = {
			isa = XCSwiftPackageProductDependency;
			package = FD8AD8B22C243D2D008C4FCB /* XCRemoteSwiftPackageReference "firebase-ios-sdk" */;
			productName = FirebaseDatabaseSwift;
		};
		FD8AD8CE2C2440DF008C4FCB /* FirebaseDynamicLinks */ = {
			isa = XCSwiftPackageProductDependency;
			package = FD8AD8B22C243D2D008C4FCB /* XCRemoteSwiftPackageReference "firebase-ios-sdk" */;
			productName = FirebaseDynamicLinks;
		};
		FD8AD8D02C2440DF008C4FCB /* FirebaseFirestore */ = {
			isa = XCSwiftPackageProductDependency;
			package = FD8AD8B22C243D2D008C4FCB /* XCRemoteSwiftPackageReference "firebase-ios-sdk" */;
			productName = FirebaseFirestore;
		};
		FD8AD8D22C2440DF008C4FCB /* FirebaseFirestoreCombine-Community */ = {
			isa = XCSwiftPackageProductDependency;
			package = FD8AD8B22C243D2D008C4FCB /* XCRemoteSwiftPackageReference "firebase-ios-sdk" */;
			productName = "FirebaseFirestoreCombine-Community";
		};
		FD8AD8D42C2440DF008C4FCB /* FirebaseFirestoreSwift */ = {
			isa = XCSwiftPackageProductDependency;
			package = FD8AD8B22C243D2D008C4FCB /* XCRemoteSwiftPackageReference "firebase-ios-sdk" */;
			productName = FirebaseFirestoreSwift;
		};
		FD8AD8D62C2440DF008C4FCB /* FirebaseFunctions */ = {
			isa = XCSwiftPackageProductDependency;
			package = FD8AD8B22C243D2D008C4FCB /* XCRemoteSwiftPackageReference "firebase-ios-sdk" */;
			productName = FirebaseFunctions;
		};
		FD8AD8D82C2440DF008C4FCB /* FirebaseFunctionsCombine-Community */ = {
			isa = XCSwiftPackageProductDependency;
			package = FD8AD8B22C243D2D008C4FCB /* XCRemoteSwiftPackageReference "firebase-ios-sdk" */;
			productName = "FirebaseFunctionsCombine-Community";
		};
		FD8AD8DA2C2440DF008C4FCB /* FirebaseInAppMessaging-Beta */ = {
			isa = XCSwiftPackageProductDependency;
			package = FD8AD8B22C243D2D008C4FCB /* XCRemoteSwiftPackageReference "firebase-ios-sdk" */;
			productName = "FirebaseInAppMessaging-Beta";
		};
		FD8AD8DC2C2440DF008C4FCB /* FirebaseInAppMessagingSwift-Beta */ = {
			isa = XCSwiftPackageProductDependency;
			package = FD8AD8B22C243D2D008C4FCB /* XCRemoteSwiftPackageReference "firebase-ios-sdk" */;
			productName = "FirebaseInAppMessagingSwift-Beta";
		};
		FD8AD8DE2C2440DF008C4FCB /* FirebaseInstallations */ = {
			isa = XCSwiftPackageProductDependency;
			package = FD8AD8B22C243D2D008C4FCB /* XCRemoteSwiftPackageReference "firebase-ios-sdk" */;
			productName = FirebaseInstallations;
		};
		FD8AD8E02C2440DF008C4FCB /* FirebaseMLModelDownloader */ = {
			isa = XCSwiftPackageProductDependency;
			package = FD8AD8B22C243D2D008C4FCB /* XCRemoteSwiftPackageReference "firebase-ios-sdk" */;
			productName = FirebaseMLModelDownloader;
		};
		FD8AD8E22C2440DF008C4FCB /* FirebaseMessaging */ = {
			isa = XCSwiftPackageProductDependency;
			package = FD8AD8B22C243D2D008C4FCB /* XCRemoteSwiftPackageReference "firebase-ios-sdk" */;
			productName = FirebaseMessaging;
		};
		FD8AD8E42C2440DF008C4FCB /* FirebasePerformance */ = {
			isa = XCSwiftPackageProductDependency;
			package = FD8AD8B22C243D2D008C4FCB /* XCRemoteSwiftPackageReference "firebase-ios-sdk" */;
			productName = FirebasePerformance;
		};
		FD8AD8E62C2440DF008C4FCB /* FirebaseRemoteConfig */ = {
			isa = XCSwiftPackageProductDependency;
			package = FD8AD8B22C243D2D008C4FCB /* XCRemoteSwiftPackageReference "firebase-ios-sdk" */;
			productName = FirebaseRemoteConfig;
		};
		FD8AD8E82C2440DF008C4FCB /* FirebaseRemoteConfigSwift */ = {
			isa = XCSwiftPackageProductDependency;
			package = FD8AD8B22C243D2D008C4FCB /* XCRemoteSwiftPackageReference "firebase-ios-sdk" */;
			productName = FirebaseRemoteConfigSwift;
		};
		FD8AD8EA2C2440DF008C4FCB /* FirebaseStorage */ = {
			isa = XCSwiftPackageProductDependency;
			package = FD8AD8B22C243D2D008C4FCB /* XCRemoteSwiftPackageReference "firebase-ios-sdk" */;
			productName = FirebaseStorage;
		};
		FD8AD8EC2C2440DF008C4FCB /* FirebaseStorageCombine-Community */ = {
			isa = XCSwiftPackageProductDependency;
			package = FD8AD8B22C243D2D008C4FCB /* XCRemoteSwiftPackageReference "firebase-ios-sdk" */;
			productName = "FirebaseStorageCombine-Community";
		};
		FD8AD8EE2C2440DF008C4FCB /* FirebaseVertexAI-Preview */ = {
			isa = XCSwiftPackageProductDependency;
			package = FD8AD8B22C243D2D008C4FCB /* XCRemoteSwiftPackageReference "firebase-ios-sdk" */;
			productName = "FirebaseVertexAI-Preview";
		};
		FD8AD8F02C2441F6008C4FCB /* GoogleSignIn */ = {
			isa = XCSwiftPackageProductDependency;
			package = FD8AD8B12C243CF2008C4FCB /* XCRemoteSwiftPackageReference "GoogleSignIn-iOS" */;
			productName = GoogleSignIn;
		};
		FD8AD8F22C2441F6008C4FCB /* GoogleSignInSwift */ = {
			isa = XCSwiftPackageProductDependency;
			package = FD8AD8B12C243CF2008C4FCB /* XCRemoteSwiftPackageReference "GoogleSignIn-iOS" */;
			productName = GoogleSignInSwift;
		};
/* End XCSwiftPackageProductDependency section */
	};
	rootObject = FD8AD8552C243C3F008C4FCB /* Project object */;
}
